
Microsoft Visual Studio Solution File, Format Version 12.00
# Visual Studio Version 16
VisualStudioVersion = 16.0.29403.142
MinimumVisualStudioVersion = 10.0.40219.1
Project("{FAE04EC0-301F-11D3-BF4B-00C04F79EFBC}") = "Calculator", "Calculator\Calculator.csproj", "{33FBD5EE-A6D5-42DA-9773-2DBD7FF0A5E1}"
EndProject
Global
	GlobalSection(SolutionConfigurationPlatforms) = preSolution
		Debug|Any CPU = Debug|Any CPU
		Release|Any CPU = Release|Any CPU
	EndGlobalSection
	GlobalSection(ProjectConfigurationPlatforms) = postSolution
		{33FBD5EE-A6D5-42DA-9773-2DBD7FF0A5E1}.Debug|Any CPU.ActiveCfg = Debug|Any CPU
		{33FBD5EE-A6D5-42DA-9773-2DBD7FF0A5E1}.Debug|Any CPU.Build.0 = Debug|Any CPU
		{33FBD5EE-A6D5-42DA-9773-2DBD7FF0A5E1}.Release|Any CPU.ActiveCfg = Release|Any CPU
		{33FBD5EE-A6D5-42DA-9773-2DBD7FF0A5E1}.Release|Any CPU.Build.0 = Release|Any CPU
	EndGlobalSection
	GlobalSection(SolutionProperties) = preSolution
		HideSolutionNode = FALSE
	EndGlobalSection
	GlobalSection(ExtensibilityGlobals) = postSolution
		SolutionGuid = {717F64DC-5EC8-4402-BE83-7612021FB14B}
	EndGlobalSection
EndGlobal
